
Microsoft Visual Studio Solution File, Format Version 12.00
# Visual Studio Version 17
VisualStudioVersion = 17.8.34309.116
MinimumVisualStudioVersion = 10.0.40219.1
Project("{FAE04EC0-301F-11D3-BF4B-00C04F79EFBC}") = "LibraryManageSystem", "LibraryManageSystem\LibraryManageSystem.csproj", "{961C4673-37C1-4CD8-904A-2AE50B07BFFF}"
EndProject
Global
	GlobalSection(SolutionConfigurationPlatforms) = preSolution
		Debug|Any CPU = Debug|Any CPU
		Release|Any CPU = Release|Any CPU
	EndGlobalSection
	GlobalSection(ProjectConfigurationPlatforms) = postSolution
		{961C4673-37C1-4CD8-904A-2AE50B07BFFF}.Debug|Any CPU.ActiveCfg = Debug|Any CPU
		{961C4673-37C1-4CD8-904A-2AE50B07BFFF}.Debug|Any CPU.Build.0 = Debug|Any CPU
		{961C4673-37C1-4CD8-904A-2AE50B07BFFF}.Release|Any CPU.ActiveCfg = Release|Any CPU
		{961C4673-37C1-4CD8-904A-2AE50B07BFFF}.Release|Any CPU.Build.0 = Release|Any CPU
	EndGlobalSection
	GlobalSection(SolutionProperties) = preSolution
		HideSolutionNode = FALSE
	EndGlobalSection
	GlobalSection(ExtensibilityGlobals) = postSolution
		SolutionGuid = {A885A1D4-F088-49CC-9FA7-CA6BE0A63667}
	EndGlobalSection
EndGlobal
